// !$*UTF8*$!
{
	archiveVersion = 1;
	classes = {
	};
	objectVersion = 56;
	objects = {

/* Begin PBXBuildFile section */
		DF1767A62ADF258C001E0F3A /* UKFoodBankAPIPracticeApp.swift in Sources */ = {isa = PBXBuildFile; fileRef = DF1767A52ADF258C001E0F3A /* UKFoodBankAPIPracticeApp.swift */; };
		DF1767A82ADF258C001E0F3A /* ContentView.swift in Sources */ = {isa = PBXBuildFile; fileRef = DF1767A72ADF258C001E0F3A /* ContentView.swift */; };
		DF1767AA2ADF258D001E0F3A /* Assets.xcassets in Resources */ = {isa = PBXBuildFile; fileRef = DF1767A92ADF258D001E0F3A /* Assets.xcassets */; };
		DF1767AD2ADF258D001E0F3A /* Preview Assets.xcassets in Resources */ = {isa = PBXBuildFile; fileRef = DF1767AC2ADF258D001E0F3A /* Preview Assets.xcassets */; };
		DF1767B42ADF25DF001E0F3A /* Foodbank.swift in Sources */ = {isa = PBXBuildFile; fileRef = DF1767B32ADF25DF001E0F3A /* Foodbank.swift */; };
		DF1767B62ADF2663001E0F3A /* DataController.swift in Sources */ = {isa = PBXBuildFile; fileRef = DF1767B52ADF2663001E0F3A /* DataController.swift */; };
		DF1767BA2AE32401001E0F3A /* EnterLocationView.swift in Sources */ = {isa = PBXBuildFile; fileRef = DF1767B92AE32401001E0F3A /* EnterLocationView.swift */; };
		DF1767BC2AE324E9001E0F3A /* SelectFoodBankView.swift in Sources */ = {isa = PBXBuildFile; fileRef = DF1767BB2AE324E9001E0F3A /* SelectFoodBankView.swift */; };
		DF9F6FDA2AE6B76D00E5B60D /* HomeView.swift in Sources */ = {isa = PBXBuildFile; fileRef = DF9F6FD92AE6B76D00E5B60D /* HomeView.swift */; };
		DF9F6FDC2AE84C1600E5B60D /* DropoffView.swift in Sources */ = {isa = PBXBuildFile; fileRef = DF9F6FDB2AE84C1600E5B60D /* DropoffView.swift */; };
		DF9F6FDE2AE8538E00E5B60D /* MyFoodbankView.swift in Sources */ = {isa = PBXBuildFile; fileRef = DF9F6FDD2AE8538E00E5B60D /* MyFoodbankView.swift */; };
/* End PBXBuildFile section */

/* Begin PBXFileReference section */
		DF1767A22ADF258C001E0F3A /* UKFoodBankAPIPractice.app */ = {isa = PBXFileReference; explicitFileType = wrapper.application; includeInIndex = 0; path = UKFoodBankAPIPractice.app; sourceTree = BUILT_PRODUCTS_DIR; };
		DF1767A52ADF258C001E0F3A /* UKFoodBankAPIPracticeApp.swift */ = {isa = PBXFileReference; lastKnownFileType = sourcecode.swift; path = UKFoodBankAPIPracticeApp.swift; sourceTree = "<group>"; };
		DF1767A72ADF258C001E0F3A /* ContentView.swift */ = {isa = PBXFileReference; lastKnownFileType = sourcecode.swift; path = ContentView.swift; sourceTree = "<group>"; };
		DF1767A92ADF258D001E0F3A /* Assets.xcassets */ = {isa = PBXFileReference; lastKnownFileType = folder.assetcatalog; path = Assets.xcassets; sourceTree = "<group>"; };
		DF1767AC2ADF258D001E0F3A /* Preview Assets.xcassets */ = {isa = PBXFileReference; lastKnownFileType = folder.assetcatalog; path = "Preview Assets.xcassets"; sourceTree = "<group>"; };
		DF1767B32ADF25DF001E0F3A /* Foodbank.swift */ = {isa = PBXFileReference; lastKnownFileType = sourcecode.swift; path = Foodbank.swift; sourceTree = "<group>"; };
		DF1767B52ADF2663001E0F3A /* DataController.swift */ = {isa = PBXFileReference; lastKnownFileType = sourcecode.swift; path = DataController.swift; sourceTree = "<group>"; };
		DF1767B92AE32401001E0F3A /* EnterLocationView.swift */ = {isa = PBXFileReference; lastKnownFileType = sourcecode.swift; path = EnterLocationView.swift; sourceTree = "<group>"; };
		DF1767BB2AE324E9001E0F3A /* SelectFoodBankView.swift */ = {isa = PBXFileReference; lastKnownFileType = sourcecode.swift; path = SelectFoodBankView.swift; sourceTree = "<group>"; };
		DF9F6FD92AE6B76D00E5B60D /* HomeView.swift */ = {isa = PBXFileReference; lastKnownFileType = sourcecode.swift; path = HomeView.swift; sourceTree = "<group>"; };
		DF9F6FDB2AE84C1600E5B60D /* DropoffView.swift */ = {isa = PBXFileReference; lastKnownFileType = sourcecode.swift; path = DropoffView.swift; sourceTree = "<group>"; };
		DF9F6FDD2AE8538E00E5B60D /* MyFoodbankView.swift */ = {isa = PBXFileReference; lastKnownFileType = sourcecode.swift; path = MyFoodbankView.swift; sourceTree = "<group>"; };
/* End PBXFileReference section */

/* Begin PBXFrameworksBuildPhase section */
		DF17679F2ADF258C001E0F3A /* Frameworks */ = {
			isa = PBXFrameworksBuildPhase;
			buildActionMask = 2147483647;
			files = (
			);
			runOnlyForDeploymentPostprocessing = 0;
		};
/* End PBXFrameworksBuildPhase section */

/* Begin PBXGroup section */
		DF1767992ADF258C001E0F3A = {
			isa = PBXGroup;
			children = (
				DF1767A42ADF258C001E0F3A /* UKFoodBankAPIPractice */,
				DF1767A32ADF258C001E0F3A /* Products */,
			);
			sourceTree = "<group>";
		};
		DF1767A32ADF258C001E0F3A /* Products */ = {
			isa = PBXGroup;
			children = (
				DF1767A22ADF258C001E0F3A /* UKFoodBankAPIPractice.app */,
			);
			name = Products;
			sourceTree = "<group>";
		};
		DF1767A42ADF258C001E0F3A /* UKFoodBankAPIPractice */ = {
			isa = PBXGroup;
			children = (
				DF1767A52ADF258C001E0F3A /* UKFoodBankAPIPracticeApp.swift */,
				DF1767A72ADF258C001E0F3A /* ContentView.swift */,
				DF1767B92AE32401001E0F3A /* EnterLocationView.swift */,
				DF1767BB2AE324E9001E0F3A /* SelectFoodBankView.swift */,
				DF1767B32ADF25DF001E0F3A /* Foodbank.swift */,
				DF9F6FDB2AE84C1600E5B60D /* DropoffView.swift */,
				DF9F6FDD2AE8538E00E5B60D /* MyFoodbankView.swift */,
				DF9F6FD92AE6B76D00E5B60D /* HomeView.swift */,
				DF1767B52ADF2663001E0F3A /* DataController.swift */,
				DF1767A92ADF258D001E0F3A /* Assets.xcassets */,
				DF1767AB2ADF258D001E0F3A /* Preview Content */,
			);
			path = UKFoodBankAPIPractice;
			sourceTree = "<group>";
		};
		DF1767AB2ADF258D001E0F3A /* Preview Content */ = {
			isa = PBXGroup;
			children = (
				DF1767AC2ADF258D001E0F3A /* Preview Assets.xcassets */,
			);
			path = "Preview Content";
			sourceTree = "<group>";
		};
/* End PBXGroup section */

/* Begin PBXNativeTarget section */
		DF1767A12ADF258C001E0F3A /* UKFoodBankAPIPractice */ = {
			isa = PBXNativeTarget;
			buildConfigurationList = DF1767B02ADF258D001E0F3A /* Build configuration list for PBXNativeTarget "UKFoodBankAPIPractice" */;
			buildPhases = (
				DF17679E2ADF258C001E0F3A /* Sources */,
				DF17679F2ADF258C001E0F3A /* Frameworks */,
				DF1767A02ADF258C001E0F3A /* Resources */,
				DF1767B82ADF37C9001E0F3A /* ShellScript */,
			);
			buildRules = (
			);
			dependencies = (
			);
			name = UKFoodBankAPIPractice;
			productName = UKFoodBankAPIPractice;
			productReference = DF1767A22ADF258C001E0F3A /* UKFoodBankAPIPractice.app */;
			productType = "com.apple.product-type.application";
		};
/* End PBXNativeTarget section */

/* Begin PBXProject section */
		DF17679A2ADF258C001E0F3A /* Project object */ = {
			isa = PBXProject;
			attributes = {
				BuildIndependentTargetsInParallel = 1;
				LastSwiftUpdateCheck = 1500;
				LastUpgradeCheck = 1500;
				TargetAttributes = {
					DF1767A12ADF258C001E0F3A = {
						CreatedOnToolsVersion = 15.0;
					};
				};
			};
			buildConfigurationList = DF17679D2ADF258C001E0F3A /* Build configuration list for PBXProject "UKFoodBankAPIPractice" */;
			compatibilityVersion = "Xcode 14.0";
			developmentRegion = en;
			hasScannedForEncodings = 0;
			knownRegions = (
				en,
				Base,
			);
			mainGroup = DF1767992ADF258C001E0F3A;
			productRefGroup = DF1767A32ADF258C001E0F3A /* Products */;
			projectDirPath = "";
			projectRoot = "";
			targets = (
				DF1767A12ADF258C001E0F3A /* UKFoodBankAPIPractice */,
			);
		};
/* End PBXProject section */

/* Begin PBXResourcesBuildPhase section */
		DF1767A02ADF258C001E0F3A /* Resources */ = {
			isa = PBXResourcesBuildPhase;
			buildActionMask = 2147483647;
			files = (
				DF1767AD2ADF258D001E0F3A /* Preview Assets.xcassets in Resources */,
				DF1767AA2ADF258D001E0F3A /* Assets.xcassets in Resources */,
			);
			runOnlyForDeploymentPostprocessing = 0;
		};
/* End PBXResourcesBuildPhase section */

/* Begin PBXShellScriptBuildPhase section */
		DF1767B82ADF37C9001E0F3A /* ShellScript */ = {
			isa = PBXShellScriptBuildPhase;
			alwaysOutOfDate = 1;
			buildActionMask = 2147483647;
			files = (
			);
			inputFileListPaths = (
			);
			inputPaths = (
			);
			outputFileListPaths = (
			);
			outputPaths = (
			);
			runOnlyForDeploymentPostprocessing = 0;
			shellPath = /bin/sh;
			shellScript = "# Type a script or drag a script file from your workspace to insert its path.\n# Build Phases -> Run script phase for Apple Silicon chips\n# Adds support for Apple Silicon brew directory\nif [[ \"$(uname -m)\" == arm64 ]]; then\n    export PATH=\"/opt/homebrew/bin:$PATH\"\nfi\n\nif which swiftlint > /dev/null; then\n  swiftlint\nelse\n  echo \"warning: SwiftLint not installed, download from https://github.com/realm/SwiftLint\"\nfi\n";
		};
/* End PBXShellScriptBuildPhase section */

/* Begin PBXSourcesBuildPhase section */
		DF17679E2ADF258C001E0F3A /* Sources */ = {
			isa = PBXSourcesBuildPhase;
			buildActionMask = 2147483647;
			files = (
				DF1767A82ADF258C001E0F3A /* ContentView.swift in Sources */,
				DF9F6FDA2AE6B76D00E5B60D /* HomeView.swift in Sources */,
				DF1767B62ADF2663001E0F3A /* DataController.swift in Sources */,
				DF1767BC2AE324E9001E0F3A /* SelectFoodBankView.swift in Sources */,
				DF1767A62ADF258C001E0F3A /* UKFoodBankAPIPracticeApp.swift in Sources */,
				DF1767B42ADF25DF001E0F3A /* Foodbank.swift in Sources */,
				DF1767BA2AE32401001E0F3A /* EnterLocationView.swift in Sources */,
				DF9F6FDE2AE8538E00E5B60D /* MyFoodbankView.swift in Sources */,
				DF9F6FDC2AE84C1600E5B60D /* DropoffView.swift in Sources */,
			);
			runOnlyForDeploymentPostprocessing = 0;
		};
/* End PBXSourcesBuildPhase section */

/* Begin XCBuildConfiguration section */
		DF1767AE2ADF258D001E0F3A /* Debug */ = {
			isa = XCBuildConfiguration;
			buildSettings = {
				ALWAYS_SEARCH_USER_PATHS = NO;
				ASSETCATALOG_COMPILER_GENERATE_SWIFT_ASSET_SYMBOL_EXTENSIONS = YES;
				CLANG_ANALYZER_NONNULL = YES;
				CLANG_ANALYZER_NUMBER_OBJECT_CONVERSION = YES_AGGRESSIVE;
				CLANG_CXX_LANGUAGE_STANDARD = "gnu++20";
				CLANG_ENABLE_MODULES = YES;
				CLANG_ENABLE_OBJC_ARC = YES;
				CLANG_ENABLE_OBJC_WEAK = YES;
				CLANG_WARN_BLOCK_CAPTURE_AUTORELEASING = YES;
				CLANG_WARN_BOOL_CONVERSION = YES;
				CLANG_WARN_COMMA = YES;
				CLANG_WARN_CONSTANT_CONVERSION = YES;
				CLANG_WARN_DEPRECATED_OBJC_IMPLEMENTATIONS = YES;
				CLANG_WARN_DIRECT_OBJC_ISA_USAGE = YES_ERROR;
				CLANG_WARN_DOCUMENTATION_COMMENTS = YES;
				CLANG_WARN_EMPTY_BODY = YES;
				CLANG_WARN_ENUM_CONVERSION = YES;
				CLANG_WARN_INFINITE_RECURSION = YES;
				CLANG_WARN_INT_CONVERSION = YES;
				CLANG_WARN_NON_LITERAL_NULL_CONVERSION = YES;
				CLANG_WARN_OBJC_IMPLICIT_RETAIN_SELF = YES;
				CLANG_WARN_OBJC_LITERAL_CONVERSION = YES;
				CLANG_WARN_OBJC_ROOT_CLASS = YES_ERROR;
				CLANG_WARN_QUOTED_INCLUDE_IN_FRAMEWORK_HEADER = YES;
				CLANG_WARN_RANGE_LOOP_ANALYSIS = YES;
				CLANG_WARN_STRICT_PROTOTYPES = YES;
				CLANG_WARN_SUSPICIOUS_MOVE = YES;
				CLANG_WARN_UNGUARDED_AVAILABILITY = YES_AGGRESSIVE;
				CLANG_WARN_UNREACHABLE_CODE = YES;
				CLANG_WARN__DUPLICATE_METHOD_MATCH = YES;
				COPY_PHASE_STRIP = NO;
				DEBUG_INFORMATION_FORMAT = dwarf;
				ENABLE_STRICT_OBJC_MSGSEND = YES;
				ENABLE_TESTABILITY = YES;
				ENABLE_USER_SCRIPT_SANDBOXING = NO;
				GCC_C_LANGUAGE_STANDARD = gnu17;
				GCC_DYNAMIC_NO_PIC = NO;
				GCC_NO_COMMON_BLOCKS = YES;
				GCC_OPTIMIZATION_LEVEL = 0;
				GCC_PREPROCESSOR_DEFINITIONS = (
					"DEBUG=1",
					"$(inherited)",
				);
				GCC_WARN_64_TO_32_BIT_CONVERSION = YES;
				GCC_WARN_ABOUT_RETURN_TYPE = YES_ERROR;
				GCC_WARN_UNDECLARED_SELECTOR = YES;
				GCC_WARN_UNINITIALIZED_AUTOS = YES_AGGRESSIVE;
				GCC_WARN_UNUSED_FUNCTION = YES;
				GCC_WARN_UNUSED_VARIABLE = YES;
				IPHONEOS_DEPLOYMENT_TARGET = 17.0;
				LOCALIZATION_PREFERS_STRING_CATALOGS = YES;
				MTL_ENABLE_DEBUG_INFO = INCLUDE_SOURCE;
				MTL_FAST_MATH = YES;
				ONLY_ACTIVE_ARCH = YES;
				SDKROOT = iphoneos;
				SWIFT_ACTIVE_COMPILATION_CONDITIONS = "DEBUG $(inherited)";
				SWIFT_OPTIMIZATION_LEVEL = "-Onone";
			};
			name = Debug;
		};
		DF1767AF2ADF258D001E0F3A /* Release */ = {
			isa = XCBuildConfiguration;
			buildSettings = {
				ALWAYS_SEARCH_USER_PATHS = NO;
				ASSETCATALOG_COMPILER_GENERATE_SWIFT_ASSET_SYMBOL_EXTENSIONS = YES;
				CLANG_ANALYZER_NONNULL = YES;
				CLANG_ANALYZER_NUMBER_OBJECT_CONVERSION = YES_AGGRESSIVE;
				CLANG_CXX_LANGUAGE_STANDARD = "gnu++20";
				CLANG_ENABLE_MODULES = YES;
				CLANG_ENABLE_OBJC_ARC = YES;
				CLANG_ENABLE_OBJC_WEAK = YES;
				CLANG_WARN_BLOCK_CAPTURE_AUTORELEASING = YES;
				CLANG_WARN_BOOL_CONVERSION = YES;
				CLANG_WARN_COMMA = YES;
				CLANG_WARN_CONSTANT_CONVERSION = YES;
				CLANG_WARN_DEPRECATED_OBJC_IMPLEMENTATIONS = YES;
				CLANG_WARN_DIRECT_OBJC_ISA_USAGE = YES_ERROR;
				CLANG_WARN_DOCUMENTATION_COMMENTS = YES;
				CLANG_WARN_EMPTY_BODY = YES;
				CLANG_WARN_ENUM_CONVERSION = YES;
				CLANG_WARN_INFINITE_RECURSION = YES;
				CLANG_WARN_INT_CONVERSION = YES;
				CLANG_WARN_NON_LITERAL_NULL_CONVERSION = YES;
				CLANG_WARN_OBJC_IMPLICIT_RETAIN_SELF = YES;
				CLANG_WARN_OBJC_LITERAL_CONVERSION = YES;
				CLANG_WARN_OBJC_ROOT_CLASS = YES_ERROR;
				CLANG_WARN_QUOTED_INCLUDE_IN_FRAMEWORK_HEADER = YES;
				CLANG_WARN_RANGE_LOOP_ANALYSIS = YES;
				CLANG_WARN_STRICT_PROTOTYPES = YES;
				CLANG_WARN_SUSPICIOUS_MOVE = YES;
				CLANG_WARN_UNGUARDED_AVAILABILITY = YES_AGGRESSIVE;
				CLANG_WARN_UNREACHABLE_CODE = YES;
				CLANG_WARN__DUPLICATE_METHOD_MATCH = YES;
				COPY_PHASE_STRIP = NO;
				DEBUG_INFORMATION_FORMAT = "dwarf-with-dsym";
				ENABLE_NS_ASSERTIONS = NO;
				ENABLE_STRICT_OBJC_MSGSEND = YES;
				ENABLE_USER_SCRIPT_SANDBOXING = NO;
				GCC_C_LANGUAGE_STANDARD = gnu17;
				GCC_NO_COMMON_BLOCKS = YES;
				GCC_WARN_64_TO_32_BIT_CONVERSION = YES;
				GCC_WARN_ABOUT_RETURN_TYPE = YES_ERROR;
				GCC_WARN_UNDECLARED_SELECTOR = YES;
				GCC_WARN_UNINITIALIZED_AUTOS = YES_AGGRESSIVE;
				GCC_WARN_UNUSED_FUNCTION = YES;
				GCC_WARN_UNUSED_VARIABLE = YES;
				IPHONEOS_DEPLOYMENT_TARGET = 17.0;
				LOCALIZATION_PREFERS_STRING_CATALOGS = YES;
				MTL_ENABLE_DEBUG_INFO = NO;
				MTL_FAST_MATH = YES;
				SDKROOT = iphoneos;
				SWIFT_COMPILATION_MODE = wholemodule;
				VALIDATE_PRODUCT = YES;
			};
			name = Release;
		};
		DF1767B12ADF258D001E0F3A /* Debug */ = {
			isa = XCBuildConfiguration;
			buildSettings = {
				ASSETCATALOG_COMPILER_APPICON_NAME = AppIcon;
				ASSETCATALOG_COMPILER_GLOBAL_ACCENT_COLOR_NAME = AccentColor;
				CODE_SIGN_STYLE = Automatic;
				CURRENT_PROJECT_VERSION = 1;
				DEVELOPMENT_ASSET_PATHS = "\"UKFoodBankAPIPractice/Preview Content\"";
				DEVELOPMENT_TEAM = HJ5KH98N5D;
				ENABLE_PREVIEWS = YES;
				GENERATE_INFOPLIST_FILE = YES;
				INFOPLIST_KEY_UIApplicationSceneManifest_Generation = YES;
				INFOPLIST_KEY_UIApplicationSupportsIndirectInputEvents = YES;
				INFOPLIST_KEY_UILaunchScreen_Generation = YES;
				INFOPLIST_KEY_UISupportedInterfaceOrientations_iPad = "UIInterfaceOrientationPortrait UIInterfaceOrientationPortraitUpsideDown UIInterfaceOrientationLandscapeLeft UIInterfaceOrientationLandscapeRight";
				INFOPLIST_KEY_UISupportedInterfaceOrientations_iPhone = "UIInterfaceOrientationPortrait UIInterfaceOrientationLandscapeLeft UIInterfaceOrientationLandscapeRight";
				LD_RUNPATH_SEARCH_PATHS = (
					"$(inherited)",
					"@executable_path/Frameworks",
				);
				MARKETING_VERSION = 1.0;
				PRODUCT_BUNDLE_IDENTIFIER = com.kimmybrewer.UKFoodBankAPIPractice;
				PRODUCT_NAME = "$(TARGET_NAME)";
				SWIFT_EMIT_LOC_STRINGS = YES;
				SWIFT_VERSION = 5.0;
				TARGETED_DEVICE_FAMILY = "1,2";
			};
			name = Debug;
		};
		DF1767B22ADF258D001E0F3A /* Release */ = {
			isa = XCBuildConfiguration;
			buildSettings = {
				ASSETCATALOG_COMPILER_APPICON_NAME = AppIcon;
				ASSETCATALOG_COMPILER_GLOBAL_ACCENT_COLOR_NAME = AccentColor;
				CODE_SIGN_STYLE = Automatic;
				CURRENT_PROJECT_VERSION = 1;
				DEVELOPMENT_ASSET_PATHS = "\"UKFoodBankAPIPractice/Preview Content\"";
				DEVELOPMENT_TEAM = HJ5KH98N5D;
				ENABLE_PREVIEWS = YES;
				GENERATE_INFOPLIST_FILE = YES;
				INFOPLIST_KEY_UIApplicationSceneManifest_Generation = YES;
				INFOPLIST_KEY_UIApplicationSupportsIndirectInputEvents = YES;
				INFOPLIST_KEY_UILaunchScreen_Generation = YES;
				INFOPLIST_KEY_UISupportedInterfaceOrientations_iPad = "UIInterfaceOrientationPortrait UIInterfaceOrientationPortraitUpsideDown UIInterfaceOrientationLandscapeLeft UIInterfaceOrientationLandscapeRight";
				INFOPLIST_KEY_UISupportedInterfaceOrientations_iPhone = "UIInterfaceOrientationPortrait UIInterfaceOrientationLandscapeLeft UIInterfaceOrientationLandscapeRight";
				LD_RUNPATH_SEARCH_PATHS = (
					"$(inherited)",
					"@executable_path/Frameworks",
				);
				MARKETING_VERSION = 1.0;
				PRODUCT_BUNDLE_IDENTIFIER = com.kimmybrewer.UKFoodBankAPIPractice;
				PRODUCT_NAME = "$(TARGET_NAME)";
				SWIFT_EMIT_LOC_STRINGS = YES;
				SWIFT_VERSION = 5.0;
				TARGETED_DEVICE_FAMILY = "1,2";
			};
			name = Release;
		};
/* End XCBuildConfiguration section */

/* Begin XCConfigurationList section */
		DF17679D2ADF258C001E0F3A /* Build configuration list for PBXProject "UKFoodBankAPIPractice" */ = {
			isa = XCConfigurationList;
			buildConfigurations = (
				DF1767AE2ADF258D001E0F3A /* Debug */,
				DF1767AF2ADF258D001E0F3A /* Release */,
			);
			defaultConfigurationIsVisible = 0;
			defaultConfigurationName = Release;
		};
		DF1767B02ADF258D001E0F3A /* Build configuration list for PBXNativeTarget "UKFoodBankAPIPractice" */ = {
			isa = XCConfigurationList;
			buildConfigurations = (
				DF1767B12ADF258D001E0F3A /* Debug */,
				DF1767B22ADF258D001E0F3A /* Release */,
			);
			defaultConfigurationIsVisible = 0;
			defaultConfigurationName = Release;
		};
/* End XCConfigurationList section */
	};
	rootObject = DF17679A2ADF258C001E0F3A /* Project object */;
}
